// !$*UTF8*$!
{
	archiveVersion = 1;
	classes = {
	};
	objectVersion = 56;
	objects = {

/* Begin PBXBuildFile section */
		18054AC12A9C3EBF0039B582 /* SpeakerModel.swift in Sources */ = {isa = PBXBuildFile; fileRef = 18054AC02A9C3EBF0039B582 /* SpeakerModel.swift */; };
		18054AC52A9CD9410039B582 /* SessionModel.swift in Sources */ = {isa = PBXBuildFile; fileRef = 18054AC42A9CD9410039B582 /* SessionModel.swift */; };
		18054AC82A9CD9E60039B582 /* AhCounterStartView.swift in Sources */ = {isa = PBXBuildFile; fileRef = 18054AC72A9CD9E60039B582 /* AhCounterStartView.swift */; };
		18054ACE2A9D71BB0039B582 /* AddSpeakerView.swift in Sources */ = {isa = PBXBuildFile; fileRef = 18054ACD2A9D71BB0039B582 /* AddSpeakerView.swift */; };
		18054AD02A9D93A00039B582 /* AhCounterSpeakerEditView.swift in Sources */ = {isa = PBXBuildFile; fileRef = 18054ACF2A9D93A00039B582 /* AhCounterSpeakerEditView.swift */; };
		18054AD32A9E1ED50039B582 /* NavigationController.swift in Sources */ = {isa = PBXBuildFile; fileRef = 18054AD22A9E1ED50039B582 /* NavigationController.swift */; };
		18054AD52A9ECF400039B582 /* AhCounterSummaryView.swift in Sources */ = {isa = PBXBuildFile; fileRef = 18054AD42A9ECF400039B582 /* AhCounterSummaryView.swift */; };
		18054AD72AA0585F0039B582 /* CustomViewInserts.swift in Sources */ = {isa = PBXBuildFile; fileRef = 18054AD62AA0585F0039B582 /* CustomViewInserts.swift */; };
		1881564C2AA1558000DC464B /* GrammarianStartView.swift in Sources */ = {isa = PBXBuildFile; fileRef = 1881564B2AA1558000DC464B /* GrammarianStartView.swift */; };
		1881564E2AA15D5400DC464B /* GrammarianSpeakerEditView.swift in Sources */ = {isa = PBXBuildFile; fileRef = 1881564D2AA15D5400DC464B /* GrammarianSpeakerEditView.swift */; };
		188156522AA1775700DC464B /* AhCounter.txt in Resources */ = {isa = PBXBuildFile; fileRef = 188156512AA1775700DC464B /* AhCounter.txt */; };
		188156542AA177B000DC464B /* Grammarian.txt in Resources */ = {isa = PBXBuildFile; fileRef = 188156532AA177B000DC464B /* Grammarian.txt */; };
		188156562AA1783A00DC464B /* Timer.txt in Resources */ = {isa = PBXBuildFile; fileRef = 188156552AA1783A00DC464B /* Timer.txt */; };
		188156582AA1792900DC464B /* AhCounterScriptView.swift in Sources */ = {isa = PBXBuildFile; fileRef = 188156572AA1792900DC464B /* AhCounterScriptView.swift */; };
		1881565A2AA179A800DC464B /* ScriptLoader.swift in Sources */ = {isa = PBXBuildFile; fileRef = 188156592AA179A800DC464B /* ScriptLoader.swift */; };
		1881565C2AA17E9700DC464B /* GrammarianScriptView.swift in Sources */ = {isa = PBXBuildFile; fileRef = 1881565B2AA17E9600DC464B /* GrammarianScriptView.swift */; };
		188380692A9AE8A3002D9BC2 /* ToastMasters3App.swift in Sources */ = {isa = PBXBuildFile; fileRef = 188380682A9AE8A3002D9BC2 /* ToastMasters3App.swift */; };
		1883806B2A9AE8A3002D9BC2 /* ContentView.swift in Sources */ = {isa = PBXBuildFile; fileRef = 1883806A2A9AE8A3002D9BC2 /* ContentView.swift */; };
		1883806D2A9AE8A8002D9BC2 /* Assets.xcassets in Resources */ = {isa = PBXBuildFile; fileRef = 1883806C2A9AE8A8002D9BC2 /* Assets.xcassets */; };
		188380702A9AE8A8002D9BC2 /* Preview Assets.xcassets in Resources */ = {isa = PBXBuildFile; fileRef = 1883806F2A9AE8A8002D9BC2 /* Preview Assets.xcassets */; };
		18BCF8D82AA2F2640044560A /* AddWodView.swift in Sources */ = {isa = PBXBuildFile; fileRef = 18BCF8D72AA2F2640044560A /* AddWodView.swift */; };
/* End PBXBuildFile section */

/* Begin PBXFileReference section */
		18054AC02A9C3EBF0039B582 /* SpeakerModel.swift */ = {isa = PBXFileReference; lastKnownFileType = sourcecode.swift; path = SpeakerModel.swift; sourceTree = "<group>"; };
		18054AC42A9CD9410039B582 /* SessionModel.swift */ = {isa = PBXFileReference; lastKnownFileType = sourcecode.swift; path = SessionModel.swift; sourceTree = "<group>"; };
		18054AC72A9CD9E60039B582 /* AhCounterStartView.swift */ = {isa = PBXFileReference; lastKnownFileType = sourcecode.swift; path = AhCounterStartView.swift; sourceTree = "<group>"; };
		18054ACD2A9D71BB0039B582 /* AddSpeakerView.swift */ = {isa = PBXFileReference; lastKnownFileType = sourcecode.swift; path = AddSpeakerView.swift; sourceTree = "<group>"; };
		18054ACF2A9D93A00039B582 /* AhCounterSpeakerEditView.swift */ = {isa = PBXFileReference; lastKnownFileType = sourcecode.swift; path = AhCounterSpeakerEditView.swift; sourceTree = "<group>"; };
		18054AD22A9E1ED50039B582 /* NavigationController.swift */ = {isa = PBXFileReference; lastKnownFileType = sourcecode.swift; path = NavigationController.swift; sourceTree = "<group>"; };
		18054AD42A9ECF400039B582 /* AhCounterSummaryView.swift */ = {isa = PBXFileReference; lastKnownFileType = sourcecode.swift; path = AhCounterSummaryView.swift; sourceTree = "<group>"; };
		18054AD62AA0585F0039B582 /* CustomViewInserts.swift */ = {isa = PBXFileReference; lastKnownFileType = sourcecode.swift; path = CustomViewInserts.swift; sourceTree = "<group>"; };
		1881564B2AA1558000DC464B /* GrammarianStartView.swift */ = {isa = PBXFileReference; lastKnownFileType = sourcecode.swift; path = GrammarianStartView.swift; sourceTree = "<group>"; };
		1881564D2AA15D5400DC464B /* GrammarianSpeakerEditView.swift */ = {isa = PBXFileReference; lastKnownFileType = sourcecode.swift; path = GrammarianSpeakerEditView.swift; sourceTree = "<group>"; };
		188156512AA1775700DC464B /* AhCounter.txt */ = {isa = PBXFileReference; lastKnownFileType = text; path = AhCounter.txt; sourceTree = "<group>"; };
		188156532AA177B000DC464B /* Grammarian.txt */ = {isa = PBXFileReference; lastKnownFileType = text; path = Grammarian.txt; sourceTree = "<group>"; };
		188156552AA1783A00DC464B /* Timer.txt */ = {isa = PBXFileReference; lastKnownFileType = text; path = Timer.txt; sourceTree = "<group>"; };
		188156572AA1792900DC464B /* AhCounterScriptView.swift */ = {isa = PBXFileReference; lastKnownFileType = sourcecode.swift; path = AhCounterScriptView.swift; sourceTree = "<group>"; };
		188156592AA179A800DC464B /* ScriptLoader.swift */ = {isa = PBXFileReference; lastKnownFileType = sourcecode.swift; path = ScriptLoader.swift; sourceTree = "<group>"; };
		1881565B2AA17E9600DC464B /* GrammarianScriptView.swift */ = {isa = PBXFileReference; lastKnownFileType = sourcecode.swift; path = GrammarianScriptView.swift; sourceTree = "<group>"; };
		188380652A9AE8A3002D9BC2 /* ToastMasters3.app */ = {isa = PBXFileReference; explicitFileType = wrapper.application; includeInIndex = 0; path = ToastMasters3.app; sourceTree = BUILT_PRODUCTS_DIR; };
		188380682A9AE8A3002D9BC2 /* ToastMasters3App.swift */ = {isa = PBXFileReference; lastKnownFileType = sourcecode.swift; path = ToastMasters3App.swift; sourceTree = "<group>"; };
		1883806A2A9AE8A3002D9BC2 /* ContentView.swift */ = {isa = PBXFileReference; lastKnownFileType = sourcecode.swift; path = ContentView.swift; sourceTree = "<group>"; };
		1883806C2A9AE8A8002D9BC2 /* Assets.xcassets */ = {isa = PBXFileReference; lastKnownFileType = folder.assetcatalog; path = Assets.xcassets; sourceTree = "<group>"; };
		1883806F2A9AE8A8002D9BC2 /* Preview Assets.xcassets */ = {isa = PBXFileReference; lastKnownFileType = folder.assetcatalog; path = "Preview Assets.xcassets"; sourceTree = "<group>"; };
		18BCF8D72AA2F2640044560A /* AddWodView.swift */ = {isa = PBXFileReference; lastKnownFileType = sourcecode.swift; path = AddWodView.swift; sourceTree = "<group>"; };
/* End PBXFileReference section */

/* Begin PBXFrameworksBuildPhase section */
		188380622A9AE8A3002D9BC2 /* Frameworks */ = {
			isa = PBXFrameworksBuildPhase;
			buildActionMask = 2147483647;
			files = (
			);
			runOnlyForDeploymentPostprocessing = 0;
		};
/* End PBXFrameworksBuildPhase section */

/* Begin PBXGroup section */
		18054AC62A9CD9C70039B582 /* AhCounter */ = {
			isa = PBXGroup;
			children = (
				18054AC72A9CD9E60039B582 /* AhCounterStartView.swift */,
				18054ACF2A9D93A00039B582 /* AhCounterSpeakerEditView.swift */,
				18054AD42A9ECF400039B582 /* AhCounterSummaryView.swift */,
				188156572AA1792900DC464B /* AhCounterScriptView.swift */,
			);
			path = AhCounter;
			sourceTree = "<group>";
		};
		18054ACC2A9D71AE0039B582 /* General Views */ = {
			isa = PBXGroup;
			children = (
				18054ACD2A9D71BB0039B582 /* AddSpeakerView.swift */,
				18054AD62AA0585F0039B582 /* CustomViewInserts.swift */,
				18BCF8D72AA2F2640044560A /* AddWodView.swift */,
			);
			path = "General Views";
			sourceTree = "<group>";
		};
		18054AD12A9E1EC30039B582 /* Controllers */ = {
			isa = PBXGroup;
			children = (
				18054AD22A9E1ED50039B582 /* NavigationController.swift */,
				188156592AA179A800DC464B /* ScriptLoader.swift */,
			);
			path = Controllers;
			sourceTree = "<group>";
		};
		1881564A2AA1555A00DC464B /* Grammarian */ = {
			isa = PBXGroup;
			children = (
				1881564B2AA1558000DC464B /* GrammarianStartView.swift */,
				1881564D2AA15D5400DC464B /* GrammarianSpeakerEditView.swift */,
				1881565B2AA17E9600DC464B /* GrammarianScriptView.swift */,
			);
			path = Grammarian;
			sourceTree = "<group>";
		};
		1881564F2AA1771100DC464B /* Scripts */ = {
			isa = PBXGroup;
			children = (
				188156512AA1775700DC464B /* AhCounter.txt */,
				188156532AA177B000DC464B /* Grammarian.txt */,
				188156552AA1783A00DC464B /* Timer.txt */,
			);
			path = Scripts;
			sourceTree = "<group>";
		};
		1883805C2A9AE8A3002D9BC2 = {
			isa = PBXGroup;
			children = (
				188380672A9AE8A3002D9BC2 /* ToastMasters3 */,
				188380662A9AE8A3002D9BC2 /* Products */,
			);
			sourceTree = "<group>";
		};
		188380662A9AE8A3002D9BC2 /* Products */ = {
			isa = PBXGroup;
			children = (
				188380652A9AE8A3002D9BC2 /* ToastMasters3.app */,
			);
			name = Products;
			sourceTree = "<group>";
		};
		188380672A9AE8A3002D9BC2 /* ToastMasters3 */ = {
			isa = PBXGroup;
			children = (
				1883806A2A9AE8A3002D9BC2 /* ContentView.swift */,
				188380682A9AE8A3002D9BC2 /* ToastMasters3App.swift */,
				18054AC62A9CD9C70039B582 /* AhCounter */,
				1881564A2AA1555A00DC464B /* Grammarian */,
				18054AD12A9E1EC30039B582 /* Controllers */,
				18054ACC2A9D71AE0039B582 /* General Views */,
				1883807A2A9AEB82002D9BC2 /* DataModels */,
				1881564F2AA1771100DC464B /* Scripts */,
				1883806C2A9AE8A8002D9BC2 /* Assets.xcassets */,
				1883806E2A9AE8A8002D9BC2 /* Preview Content */,
			);
			path = ToastMasters3;
			sourceTree = "<group>";
		};
		1883806E2A9AE8A8002D9BC2 /* Preview Content */ = {
			isa = PBXGroup;
			children = (
				1883806F2A9AE8A8002D9BC2 /* Preview Assets.xcassets */,
			);
			path = "Preview Content";
			sourceTree = "<group>";
		};
		1883807A2A9AEB82002D9BC2 /* DataModels */ = {
			isa = PBXGroup;
			children = (
				18054AC42A9CD9410039B582 /* SessionModel.swift */,
				18054AC02A9C3EBF0039B582 /* SpeakerModel.swift */,
			);
			path = DataModels;
			sourceTree = "<group>";
		};
/* End PBXGroup section */

/* Begin PBXNativeTarget section */
		188380642A9AE8A3002D9BC2 /* ToastMasters3 */ = {
			isa = PBXNativeTarget;
			buildConfigurationList = 188380732A9AE8A8002D9BC2 /* Build configuration list for PBXNativeTarget "ToastMasters3" */;
			buildPhases = (
				188380612A9AE8A3002D9BC2 /* Sources */,
				188380622A9AE8A3002D9BC2 /* Frameworks */,
				188380632A9AE8A3002D9BC2 /* Resources */,
			);
			buildRules = (
			);
			dependencies = (
			);
			name = ToastMasters3;
			productName = ToastMasters3;
			productReference = 188380652A9AE8A3002D9BC2 /* ToastMasters3.app */;
			productType = "com.apple.product-type.application";
		};
/* End PBXNativeTarget section */

/* Begin PBXProject section */
		1883805D2A9AE8A3002D9BC2 /* Project object */ = {
			isa = PBXProject;
			attributes = {
				BuildIndependentTargetsInParallel = 1;
				LastSwiftUpdateCheck = 1500;
				LastUpgradeCheck = 1500;
				TargetAttributes = {
					188380642A9AE8A3002D9BC2 = {
						CreatedOnToolsVersion = 15.0;
					};
				};
			};
			buildConfigurationList = 188380602A9AE8A3002D9BC2 /* Build configuration list for PBXProject "ToastMasters3" */;
			compatibilityVersion = "Xcode 14.0";
			developmentRegion = en;
			hasScannedForEncodings = 0;
			knownRegions = (
				en,
				Base,
			);
			mainGroup = 1883805C2A9AE8A3002D9BC2;
			productRefGroup = 188380662A9AE8A3002D9BC2 /* Products */;
			projectDirPath = "";
			projectRoot = "";
			targets = (
				188380642A9AE8A3002D9BC2 /* ToastMasters3 */,
			);
		};
/* End PBXProject section */

/* Begin PBXResourcesBuildPhase section */
		188380632A9AE8A3002D9BC2 /* Resources */ = {
			isa = PBXResourcesBuildPhase;
			buildActionMask = 2147483647;
			files = (
				188380702A9AE8A8002D9BC2 /* Preview Assets.xcassets in Resources */,
				1883806D2A9AE8A8002D9BC2 /* Assets.xcassets in Resources */,
				188156562AA1783A00DC464B /* Timer.txt in Resources */,
				188156522AA1775700DC464B /* AhCounter.txt in Resources */,
				188156542AA177B000DC464B /* Grammarian.txt in Resources */,
			);
			runOnlyForDeploymentPostprocessing = 0;
		};
/* End PBXResourcesBuildPhase section */

/* Begin PBXSourcesBuildPhase section */
		188380612A9AE8A3002D9BC2 /* Sources */ = {
			isa = PBXSourcesBuildPhase;
			buildActionMask = 2147483647;
			files = (
				1883806B2A9AE8A3002D9BC2 /* ContentView.swift in Sources */,
				188380692A9AE8A3002D9BC2 /* ToastMasters3App.swift in Sources */,
				18054AC82A9CD9E60039B582 /* AhCounterStartView.swift in Sources */,
				18054AD32A9E1ED50039B582 /* NavigationController.swift in Sources */,
				18054AD52A9ECF400039B582 /* AhCounterSummaryView.swift in Sources */,
				18054AD72AA0585F0039B582 /* CustomViewInserts.swift in Sources */,
				18054ACE2A9D71BB0039B582 /* AddSpeakerView.swift in Sources */,
				1881564C2AA1558000DC464B /* GrammarianStartView.swift in Sources */,
				18054AC12A9C3EBF0039B582 /* SpeakerModel.swift in Sources */,
				18BCF8D82AA2F2640044560A /* AddWodView.swift in Sources */,
				188156582AA1792900DC464B /* AhCounterScriptView.swift in Sources */,
				1881564E2AA15D5400DC464B /* GrammarianSpeakerEditView.swift in Sources */,
				1881565C2AA17E9700DC464B /* GrammarianScriptView.swift in Sources */,
				1881565A2AA179A800DC464B /* ScriptLoader.swift in Sources */,
				18054AD02A9D93A00039B582 /* AhCounterSpeakerEditView.swift in Sources */,
				18054AC52A9CD9410039B582 /* SessionModel.swift in Sources */,
			);
			runOnlyForDeploymentPostprocessing = 0;
		};
/* End PBXSourcesBuildPhase section */

/* Begin XCBuildConfiguration section */
		188380712A9AE8A8002D9BC2 /* Debug */ = {
			isa = XCBuildConfiguration;
			buildSettings = {
				ALWAYS_SEARCH_USER_PATHS = NO;
				ASSETCATALOG_COMPILER_GENERATE_SWIFT_ASSET_SYMBOL_EXTENSIONS = YES;
				CLANG_ANALYZER_NONNULL = YES;
				CLANG_ANALYZER_NUMBER_OBJECT_CONVERSION = YES_AGGRESSIVE;
				CLANG_CXX_LANGUAGE_STANDARD = "gnu++20";
				CLANG_ENABLE_MODULES = YES;
				CLANG_ENABLE_OBJC_ARC = YES;
				CLANG_ENABLE_OBJC_WEAK = YES;
				CLANG_WARN_BLOCK_CAPTURE_AUTORELEASING = YES;
				CLANG_WARN_BOOL_CONVERSION = YES;
				CLANG_WARN_COMMA = YES;
				CLANG_WARN_CONSTANT_CONVERSION = YES;
				CLANG_WARN_DEPRECATED_OBJC_IMPLEMENTATIONS = YES;
				CLANG_WARN_DIRECT_OBJC_ISA_USAGE = YES_ERROR;
				CLANG_WARN_DOCUMENTATION_COMMENTS = YES;
				CLANG_WARN_EMPTY_BODY = YES;
				CLANG_WARN_ENUM_CONVERSION = YES;
				CLANG_WARN_INFINITE_RECURSION = YES;
				CLANG_WARN_INT_CONVERSION = YES;
				CLANG_WARN_NON_LITERAL_NULL_CONVERSION = YES;
				CLANG_WARN_OBJC_IMPLICIT_RETAIN_SELF = YES;
				CLANG_WARN_OBJC_LITERAL_CONVERSION = YES;
				CLANG_WARN_OBJC_ROOT_CLASS = YES_ERROR;
				CLANG_WARN_QUOTED_INCLUDE_IN_FRAMEWORK_HEADER = YES;
				CLANG_WARN_RANGE_LOOP_ANALYSIS = YES;
				CLANG_WARN_STRICT_PROTOTYPES = YES;
				CLANG_WARN_SUSPICIOUS_MOVE = YES;
				CLANG_WARN_UNGUARDED_AVAILABILITY = YES_AGGRESSIVE;
				CLANG_WARN_UNREACHABLE_CODE = YES;
				CLANG_WARN__DUPLICATE_METHOD_MATCH = YES;
				COPY_PHASE_STRIP = NO;
				DEBUG_INFORMATION_FORMAT = dwarf;
				ENABLE_STRICT_OBJC_MSGSEND = YES;
				ENABLE_TESTABILITY = YES;
				ENABLE_USER_SCRIPT_SANDBOXING = YES;
				GCC_C_LANGUAGE_STANDARD = gnu17;
				GCC_DYNAMIC_NO_PIC = NO;
				GCC_NO_COMMON_BLOCKS = YES;
				GCC_OPTIMIZATION_LEVEL = 0;
				GCC_PREPROCESSOR_DEFINITIONS = (
					"DEBUG=1",
					"$(inherited)",
				);
				GCC_WARN_64_TO_32_BIT_CONVERSION = YES;
				GCC_WARN_ABOUT_RETURN_TYPE = YES_ERROR;
				GCC_WARN_UNDECLARED_SELECTOR = YES;
				GCC_WARN_UNINITIALIZED_AUTOS = YES_AGGRESSIVE;
				GCC_WARN_UNUSED_FUNCTION = YES;
				GCC_WARN_UNUSED_VARIABLE = YES;
				IPHONEOS_DEPLOYMENT_TARGET = 17.0;
				LOCALIZATION_PREFERS_STRING_CATALOGS = YES;
				MTL_ENABLE_DEBUG_INFO = INCLUDE_SOURCE;
				MTL_FAST_MATH = YES;
				ONLY_ACTIVE_ARCH = YES;
				SDKROOT = iphoneos;
				SWIFT_ACTIVE_COMPILATION_CONDITIONS = "DEBUG $(inherited)";
				SWIFT_OPTIMIZATION_LEVEL = "-Onone";
			};
			name = Debug;
		};
		188380722A9AE8A8002D9BC2 /* Release */ = {
			isa = XCBuildConfiguration;
			buildSettings = {
				ALWAYS_SEARCH_USER_PATHS = NO;
				ASSETCATALOG_COMPILER_GENERATE_SWIFT_ASSET_SYMBOL_EXTENSIONS = YES;
				CLANG_ANALYZER_NONNULL = YES;
				CLANG_ANALYZER_NUMBER_OBJECT_CONVERSION = YES_AGGRESSIVE;
				CLANG_CXX_LANGUAGE_STANDARD = "gnu++20";
				CLANG_ENABLE_MODULES = YES;
				CLANG_ENABLE_OBJC_ARC = YES;
				CLANG_ENABLE_OBJC_WEAK = YES;
				CLANG_WARN_BLOCK_CAPTURE_AUTORELEASING = YES;
				CLANG_WARN_BOOL_CONVERSION = YES;
				CLANG_WARN_COMMA = YES;
				CLANG_WARN_CONSTANT_CONVERSION = YES;
				CLANG_WARN_DEPRECATED_OBJC_IMPLEMENTATIONS = YES;
				CLANG_WARN_DIRECT_OBJC_ISA_USAGE = YES_ERROR;
				CLANG_WARN_DOCUMENTATION_COMMENTS = YES;
				CLANG_WARN_EMPTY_BODY = YES;
				CLANG_WARN_ENUM_CONVERSION = YES;
				CLANG_WARN_INFINITE_RECURSION = YES;
				CLANG_WARN_INT_CONVERSION = YES;
				CLANG_WARN_NON_LITERAL_NULL_CONVERSION = YES;
				CLANG_WARN_OBJC_IMPLICIT_RETAIN_SELF = YES;
				CLANG_WARN_OBJC_LITERAL_CONVERSION = YES;
				CLANG_WARN_OBJC_ROOT_CLASS = YES_ERROR;
				CLANG_WARN_QUOTED_INCLUDE_IN_FRAMEWORK_HEADER = YES;
				CLANG_WARN_RANGE_LOOP_ANALYSIS = YES;
				CLANG_WARN_STRICT_PROTOTYPES = YES;
				CLANG_WARN_SUSPICIOUS_MOVE = YES;
				CLANG_WARN_UNGUARDED_AVAILABILITY = YES_AGGRESSIVE;
				CLANG_WARN_UNREACHABLE_CODE = YES;
				CLANG_WARN__DUPLICATE_METHOD_MATCH = YES;
				COPY_PHASE_STRIP = NO;
				DEBUG_INFORMATION_FORMAT = "dwarf-with-dsym";
				ENABLE_NS_ASSERTIONS = NO;
				ENABLE_STRICT_OBJC_MSGSEND = YES;
				ENABLE_USER_SCRIPT_SANDBOXING = YES;
				GCC_C_LANGUAGE_STANDARD = gnu17;
				GCC_NO_COMMON_BLOCKS = YES;
				GCC_WARN_64_TO_32_BIT_CONVERSION = YES;
				GCC_WARN_ABOUT_RETURN_TYPE = YES_ERROR;
				GCC_WARN_UNDECLARED_SELECTOR = YES;
				GCC_WARN_UNINITIALIZED_AUTOS = YES_AGGRESSIVE;
				GCC_WARN_UNUSED_FUNCTION = YES;
				GCC_WARN_UNUSED_VARIABLE = YES;
				IPHONEOS_DEPLOYMENT_TARGET = 17.0;
				LOCALIZATION_PREFERS_STRING_CATALOGS = YES;
				MTL_ENABLE_DEBUG_INFO = NO;
				MTL_FAST_MATH = YES;
				SDKROOT = iphoneos;
				SWIFT_COMPILATION_MODE = wholemodule;
				VALIDATE_PRODUCT = YES;
			};
			name = Release;
		};
		188380742A9AE8A8002D9BC2 /* Debug */ = {
			isa = XCBuildConfiguration;
			buildSettings = {
				ASSETCATALOG_COMPILER_APPICON_NAME = AppIcon;
				ASSETCATALOG_COMPILER_GLOBAL_ACCENT_COLOR_NAME = AccentColor;
				CODE_SIGN_STYLE = Automatic;
				CURRENT_PROJECT_VERSION = 1;
				DEVELOPMENT_ASSET_PATHS = "\"ToastMasters3/Preview Content\"";
				DEVELOPMENT_TEAM = HB8ST4VXNZ;
				ENABLE_PREVIEWS = YES;
				GENERATE_INFOPLIST_FILE = YES;
				INFOPLIST_KEY_UIApplicationSceneManifest_Generation = YES;
				INFOPLIST_KEY_UIApplicationSupportsIndirectInputEvents = YES;
				INFOPLIST_KEY_UILaunchScreen_Generation = YES;
				INFOPLIST_KEY_UISupportedInterfaceOrientations_iPad = "UIInterfaceOrientationPortrait UIInterfaceOrientationPortraitUpsideDown UIInterfaceOrientationLandscapeLeft UIInterfaceOrientationLandscapeRight";
				INFOPLIST_KEY_UISupportedInterfaceOrientations_iPhone = "UIInterfaceOrientationPortrait UIInterfaceOrientationLandscapeLeft UIInterfaceOrientationLandscapeRight";
				LD_RUNPATH_SEARCH_PATHS = (
					"$(inherited)",
					"@executable_path/Frameworks",
				);
				MARKETING_VERSION = 1.0;
				PRODUCT_BUNDLE_IDENTIFIER = com.TylerMoncur.ToastMasters3;
				PRODUCT_NAME = "$(TARGET_NAME)";
				SWIFT_EMIT_LOC_STRINGS = YES;
				SWIFT_VERSION = 5.0;
				TARGETED_DEVICE_FAMILY = "1,2";
			};
			name = Debug;
		};
		188380752A9AE8A8002D9BC2 /* Release */ = {
			isa = XCBuildConfiguration;
			buildSettings = {
				ASSETCATALOG_COMPILER_APPICON_NAME = AppIcon;
				ASSETCATALOG_COMPILER_GLOBAL_ACCENT_COLOR_NAME = AccentColor;
				CODE_SIGN_STYLE = Automatic;
				CURRENT_PROJECT_VERSION = 1;
				DEVELOPMENT_ASSET_PATHS = "\"ToastMasters3/Preview Content\"";
				DEVELOPMENT_TEAM = HB8ST4VXNZ;
				ENABLE_PREVIEWS = YES;
				GENERATE_INFOPLIST_FILE = YES;
				INFOPLIST_KEY_UIApplicationSceneManifest_Generation = YES;
				INFOPLIST_KEY_UIApplicationSupportsIndirectInputEvents = YES;
				INFOPLIST_KEY_UILaunchScreen_Generation = YES;
				INFOPLIST_KEY_UISupportedInterfaceOrientations_iPad = "UIInterfaceOrientationPortrait UIInterfaceOrientationPortraitUpsideDown UIInterfaceOrientationLandscapeLeft UIInterfaceOrientationLandscapeRight";
				INFOPLIST_KEY_UISupportedInterfaceOrientations_iPhone = "UIInterfaceOrientationPortrait UIInterfaceOrientationLandscapeLeft UIInterfaceOrientationLandscapeRight";
				LD_RUNPATH_SEARCH_PATHS = (
					"$(inherited)",
					"@executable_path/Frameworks",
				);
				MARKETING_VERSION = 1.0;
				PRODUCT_BUNDLE_IDENTIFIER = com.TylerMoncur.ToastMasters3;
				PRODUCT_NAME = "$(TARGET_NAME)";
				SWIFT_EMIT_LOC_STRINGS = YES;
				SWIFT_VERSION = 5.0;
				TARGETED_DEVICE_FAMILY = "1,2";
			};
			name = Release;
		};
/* End XCBuildConfiguration section */

/* Begin XCConfigurationList section */
		188380602A9AE8A3002D9BC2 /* Build configuration list for PBXProject "ToastMasters3" */ = {
			isa = XCConfigurationList;
			buildConfigurations = (
				188380712A9AE8A8002D9BC2 /* Debug */,
				188380722A9AE8A8002D9BC2 /* Release */,
			);
			defaultConfigurationIsVisible = 0;
			defaultConfigurationName = Release;
		};
		188380732A9AE8A8002D9BC2 /* Build configuration list for PBXNativeTarget "ToastMasters3" */ = {
			isa = XCConfigurationList;
			buildConfigurations = (
				188380742A9AE8A8002D9BC2 /* Debug */,
				188380752A9AE8A8002D9BC2 /* Release */,
			);
			defaultConfigurationIsVisible = 0;
			defaultConfigurationName = Release;
		};
/* End XCConfigurationList section */
	};
	rootObject = 1883805D2A9AE8A3002D9BC2 /* Project object */;
}
